// !$*UTF8*$!
{
	archiveVersion = 1;
	classes = {
	};
	objectVersion = 46;
	objects = {

/* Begin PBXBuildFile section */
		CEBECEBF1DA4A0710037BE92 /* AppDelegate.swift in Sources */ = {isa = PBXBuildFile; fileRef = CEBECEBE1DA4A0710037BE92 /* AppDelegate.swift */; };
		CEBECEC11DA4A0710037BE92 /* ViewController.swift in Sources */ = {isa = PBXBuildFile; fileRef = CEBECEC01DA4A0710037BE92 /* ViewController.swift */; };
		CEBECEC41DA4A0710037BE92 /* Main.storyboard in Resources */ = {isa = PBXBuildFile; fileRef = CEBECEC21DA4A0710037BE92 /* Main.storyboard */; };
		CEBECEC71DA4A0710037BE92 /* Calculatio_io.xcdatamodeld in Sources */ = {isa = PBXBuildFile; fileRef = CEBECEC51DA4A0710037BE92 /* Calculatio_io.xcdatamodeld */; };
		CEBECEC91DA4A0710037BE92 /* Assets.xcassets in Resources */ = {isa = PBXBuildFile; fileRef = CEBECEC81DA4A0710037BE92 /* Assets.xcassets */; };
		CEBECECC1DA4A0710037BE92 /* LaunchScreen.storyboard in Resources */ = {isa = PBXBuildFile; fileRef = CEBECECA1DA4A0710037BE92 /* LaunchScreen.storyboard */; };
		CEBECED71DA4A0710037BE92 /* Calculatio_ioTests.swift in Sources */ = {isa = PBXBuildFile; fileRef = CEBECED61DA4A0710037BE92 /* Calculatio_ioTests.swift */; };
		CEBECEE21DA4A0710037BE92 /* Calculatio_ioUITests.swift in Sources */ = {isa = PBXBuildFile; fileRef = CEBECEE11DA4A0710037BE92 /* Calculatio_ioUITests.swift */; };
/* End PBXBuildFile section */

/* Begin PBXContainerItemProxy section */
		CEBECED31DA4A0710037BE92 /* PBXContainerItemProxy */ = {
			isa = PBXContainerItemProxy;
			containerPortal = CEBECEB31DA4A0710037BE92 /* Project object */;
			proxyType = 1;
			remoteGlobalIDString = CEBECEBA1DA4A0710037BE92;
			remoteInfo = "Calculatio-io";
		};
		CEBECEDE1DA4A0710037BE92 /* PBXContainerItemProxy */ = {
			isa = PBXContainerItemProxy;
			containerPortal = CEBECEB31DA4A0710037BE92 /* Project object */;
			proxyType = 1;
			remoteGlobalIDString = CEBECEBA1DA4A0710037BE92;
			remoteInfo = "Calculatio-io";
		};
/* End PBXContainerItemProxy section */

/* Begin PBXFileReference section */
		CEBECEBB1DA4A0710037BE92 /* Calculatio-io.app */ = {isa = PBXFileReference; explicitFileType = wrapper.application; includeInIndex = 0; path = "Calculatio-io.app"; sourceTree = BUILT_PRODUCTS_DIR; };
		CEBECEBE1DA4A0710037BE92 /* AppDelegate.swift */ = {isa = PBXFileReference; lastKnownFileType = sourcecode.swift; path = AppDelegate.swift; sourceTree = "<group>"; };
		CEBECEC01DA4A0710037BE92 /* ViewController.swift */ = {isa = PBXFileReference; lastKnownFileType = sourcecode.swift; path = ViewController.swift; sourceTree = "<group>"; };
		CEBECEC31DA4A0710037BE92 /* Base */ = {isa = PBXFileReference; lastKnownFileType = file.storyboard; name = Base; path = Base.lproj/Main.storyboard; sourceTree = "<group>"; };
		CEBECEC61DA4A0710037BE92 /* Calculatio_io.xcdatamodel */ = {isa = PBXFileReference; lastKnownFileType = wrapper.xcdatamodel; path = Calculatio_io.xcdatamodel; sourceTree = "<group>"; };
		CEBECEC81DA4A0710037BE92 /* Assets.xcassets */ = {isa = PBXFileReference; lastKnownFileType = folder.assetcatalog; path = Assets.xcassets; sourceTree = "<group>"; };
		CEBECECB1DA4A0710037BE92 /* Base */ = {isa = PBXFileReference; lastKnownFileType = file.storyboard; name = Base; path = Base.lproj/LaunchScreen.storyboard; sourceTree = "<group>"; };
		CEBECECD1DA4A0710037BE92 /* Info.plist */ = {isa = PBXFileReference; lastKnownFileType = text.plist.xml; path = Info.plist; sourceTree = "<group>"; };
		CEBECED21DA4A0710037BE92 /* Calculatio-ioTests.xctest */ = {isa = PBXFileReference; explicitFileType = wrapper.cfbundle; includeInIndex = 0; path = "Calculatio-ioTests.xctest"; sourceTree = BUILT_PRODUCTS_DIR; };
		CEBECED61DA4A0710037BE92 /* Calculatio_ioTests.swift */ = {isa = PBXFileReference; lastKnownFileType = sourcecode.swift; path = Calculatio_ioTests.swift; sourceTree = "<group>"; };
		CEBECED81DA4A0710037BE92 /* Info.plist */ = {isa = PBXFileReference; lastKnownFileType = text.plist.xml; path = Info.plist; sourceTree = "<group>"; };
		CEBECEDD1DA4A0710037BE92 /* Calculatio-ioUITests.xctest */ = {isa = PBXFileReference; explicitFileType = wrapper.cfbundle; includeInIndex = 0; path = "Calculatio-ioUITests.xctest"; sourceTree = BUILT_PRODUCTS_DIR; };
		CEBECEE11DA4A0710037BE92 /* Calculatio_ioUITests.swift */ = {isa = PBXFileReference; lastKnownFileType = sourcecode.swift; path = Calculatio_ioUITests.swift; sourceTree = "<group>"; };
		CEBECEE31DA4A0710037BE92 /* Info.plist */ = {isa = PBXFileReference; lastKnownFileType = text.plist.xml; path = Info.plist; sourceTree = "<group>"; };
/* End PBXFileReference section */

/* Begin PBXFrameworksBuildPhase section */
		CEBECEB81DA4A0710037BE92 /* Frameworks */ = {
			isa = PBXFrameworksBuildPhase;
			buildActionMask = 2147483647;
			files = (
			);
			runOnlyForDeploymentPostprocessing = 0;
		};
		CEBECECF1DA4A0710037BE92 /* Frameworks */ = {
			isa = PBXFrameworksBuildPhase;
			buildActionMask = 2147483647;
			files = (
			);
			runOnlyForDeploymentPostprocessing = 0;
		};
		CEBECEDA1DA4A0710037BE92 /* Frameworks */ = {
			isa = PBXFrameworksBuildPhase;
			buildActionMask = 2147483647;
			files = (
			);
			runOnlyForDeploymentPostprocessing = 0;
		};
/* End PBXFrameworksBuildPhase section */

/* Begin PBXGroup section */
		CEBECEB21DA4A0710037BE92 = {
			isa = PBXGroup;
			children = (
				CEBECEBD1DA4A0710037BE92 /* Calculatio-io */,
				CEBECED51DA4A0710037BE92 /* Calculatio-ioTests */,
				CEBECEE01DA4A0710037BE92 /* Calculatio-ioUITests */,
				CEBECEBC1DA4A0710037BE92 /* Products */,
			);
			sourceTree = "<group>";
		};
		CEBECEBC1DA4A0710037BE92 /* Products */ = {
			isa = PBXGroup;
			children = (
				CEBECEBB1DA4A0710037BE92 /* Calculatio-io.app */,
				CEBECED21DA4A0710037BE92 /* Calculatio-ioTests.xctest */,
				CEBECEDD1DA4A0710037BE92 /* Calculatio-ioUITests.xctest */,
			);
			name = Products;
			sourceTree = "<group>";
		};
		CEBECEBD1DA4A0710037BE92 /* Calculatio-io */ = {
			isa = PBXGroup;
			children = (
				CEBECEBE1DA4A0710037BE92 /* AppDelegate.swift */,
				CEBECEC01DA4A0710037BE92 /* ViewController.swift */,
				CEBECEC21DA4A0710037BE92 /* Main.storyboard */,
				CEBECEC81DA4A0710037BE92 /* Assets.xcassets */,
				CEBECECA1DA4A0710037BE92 /* LaunchScreen.storyboard */,
				CEBECECD1DA4A0710037BE92 /* Info.plist */,
				CEBECEC51DA4A0710037BE92 /* Calculatio_io.xcdatamodeld */,
			);
			path = "Calculatio-io";
			sourceTree = "<group>";
		};
		CEBECED51DA4A0710037BE92 /* Calculatio-ioTests */ = {
			isa = PBXGroup;
			children = (
				CEBECED61DA4A0710037BE92 /* Calculatio_ioTests.swift */,
				CEBECED81DA4A0710037BE92 /* Info.plist */,
			);
			path = "Calculatio-ioTests";
			sourceTree = "<group>";
		};
		CEBECEE01DA4A0710037BE92 /* Calculatio-ioUITests */ = {
			isa = PBXGroup;
			children = (
				CEBECEE11DA4A0710037BE92 /* Calculatio_ioUITests.swift */,
				CEBECEE31DA4A0710037BE92 /* Info.plist */,
			);
			path = "Calculatio-ioUITests";
			sourceTree = "<group>";
		};
/* End PBXGroup section */

/* Begin PBXNativeTarget section */
		CEBECEBA1DA4A0710037BE92 /* Calculatio-io */ = {
			isa = PBXNativeTarget;
			buildConfigurationList = CEBECEE61DA4A0710037BE92 /* Build configuration list for PBXNativeTarget "Calculatio-io" */;
			buildPhases = (
				CEBECEB71DA4A0710037BE92 /* Sources */,
				CEBECEB81DA4A0710037BE92 /* Frameworks */,
				CEBECEB91DA4A0710037BE92 /* Resources */,
			);
			buildRules = (
			);
			dependencies = (
			);
			name = "Calculatio-io";
			productName = "Calculatio-io";
			productReference = CEBECEBB1DA4A0710037BE92 /* Calculatio-io.app */;
			productType = "com.apple.product-type.application";
		};
		CEBECED11DA4A0710037BE92 /* Calculatio-ioTests */ = {
			isa = PBXNativeTarget;
			buildConfigurationList = CEBECEE91DA4A0710037BE92 /* Build configuration list for PBXNativeTarget "Calculatio-ioTests" */;
			buildPhases = (
				CEBECECE1DA4A0710037BE92 /* Sources */,
				CEBECECF1DA4A0710037BE92 /* Frameworks */,
				CEBECED01DA4A0710037BE92 /* Resources */,
			);
			buildRules = (
			);
			dependencies = (
				CEBECED41DA4A0710037BE92 /* PBXTargetDependency */,
			);
			name = "Calculatio-ioTests";
			productName = "Calculatio-ioTests";
			productReference = CEBECED21DA4A0710037BE92 /* Calculatio-ioTests.xctest */;
			productType = "com.apple.product-type.bundle.unit-test";
		};
		CEBECEDC1DA4A0710037BE92 /* Calculatio-ioUITests */ = {
			isa = PBXNativeTarget;
			buildConfigurationList = CEBECEEC1DA4A0710037BE92 /* Build configuration list for PBXNativeTarget "Calculatio-ioUITests" */;
			buildPhases = (
				CEBECED91DA4A0710037BE92 /* Sources */,
				CEBECEDA1DA4A0710037BE92 /* Frameworks */,
				CEBECEDB1DA4A0710037BE92 /* Resources */,
			);
			buildRules = (
			);
			dependencies = (
				CEBECEDF1DA4A0710037BE92 /* PBXTargetDependency */,
			);
			name = "Calculatio-ioUITests";
			productName = "Calculatio-ioUITests";
			productReference = CEBECEDD1DA4A0710037BE92 /* Calculatio-ioUITests.xctest */;
			productType = "com.apple.product-type.bundle.ui-testing";
		};
/* End PBXNativeTarget section */

/* Begin PBXProject section */
		CEBECEB31DA4A0710037BE92 /* Project object */ = {
			isa = PBXProject;
			attributes = {
				LastSwiftUpdateCheck = 0800;
				LastUpgradeCheck = 0800;
				ORGANIZATIONNAME = "Phuong Nguyen";
				TargetAttributes = {
					CEBECEBA1DA4A0710037BE92 = {
						CreatedOnToolsVersion = 8.0;
						ProvisioningStyle = Automatic;
					};
					CEBECED11DA4A0710037BE92 = {
						CreatedOnToolsVersion = 8.0;
						ProvisioningStyle = Automatic;
						TestTargetID = CEBECEBA1DA4A0710037BE92;
					};
					CEBECEDC1DA4A0710037BE92 = {
						CreatedOnToolsVersion = 8.0;
						ProvisioningStyle = Automatic;
						TestTargetID = CEBECEBA1DA4A0710037BE92;
					};
				};
			};
			buildConfigurationList = CEBECEB61DA4A0710037BE92 /* Build configuration list for PBXProject "Calculatio-io" */;
			compatibilityVersion = "Xcode 3.2";
			developmentRegion = English;
			hasScannedForEncodings = 0;
			knownRegions = (
				en,
				Base,
			);
			mainGroup = CEBECEB21DA4A0710037BE92;
			productRefGroup = CEBECEBC1DA4A0710037BE92 /* Products */;
			projectDirPath = "";
			projectRoot = "";
			targets = (
				CEBECEBA1DA4A0710037BE92 /* Calculatio-io */,
				CEBECED11DA4A0710037BE92 /* Calculatio-ioTests */,
				CEBECEDC1DA4A0710037BE92 /* Calculatio-ioUITests */,
			);
		};
/* End PBXProject section */

/* Begin PBXResourcesBuildPhase section */
		CEBECEB91DA4A0710037BE92 /* Resources */ = {
			isa = PBXResourcesBuildPhase;
			buildActionMask = 2147483647;
			files = (
				CEBECECC1DA4A0710037BE92 /* LaunchScreen.storyboard in Resources */,
				CEBECEC91DA4A0710037BE92 /* Assets.xcassets in Resources */,
				CEBECEC41DA4A0710037BE92 /* Main.storyboard in Resources */,
			);
			runOnlyForDeploymentPostprocessing = 0;
		};
		CEBECED01DA4A0710037BE92 /* Resources */ = {
			isa = PBXResourcesBuildPhase;
			buildActionMask = 2147483647;
			files = (
			);
			runOnlyForDeploymentPostprocessing = 0;
		};
		CEBECEDB1DA4A0710037BE92 /* Resources */ = {
			isa = PBXResourcesBuildPhase;
			buildActionMask = 2147483647;
			files = (
			);
			runOnlyForDeploymentPostprocessing = 0;
		};
/* End PBXResourcesBuildPhase section */

/* Begin PBXSourcesBuildPhase section */
		CEBECEB71DA4A0710037BE92 /* Sources */ = {
			isa = PBXSourcesBuildPhase;
			buildActionMask = 2147483647;
			files = (
				CEBECEC71DA4A0710037BE92 /* Calculatio_io.xcdatamodeld in Sources */,
				CEBECEC11DA4A0710037BE92 /* ViewController.swift in Sources */,
				CEBECEBF1DA4A0710037BE92 /* AppDelegate.swift in Sources */,
			);
			runOnlyForDeploymentPostprocessing = 0;
		};
		CEBECECE1DA4A0710037BE92 /* Sources */ = {
			isa = PBXSourcesBuildPhase;
			buildActionMask = 2147483647;
			files = (
				CEBECED71DA4A0710037BE92 /* Calculatio_ioTests.swift in Sources */,
			);
			runOnlyForDeploymentPostprocessing = 0;
		};
		CEBECED91DA4A0710037BE92 /* Sources */ = {
			isa = PBXSourcesBuildPhase;
			buildActionMask = 2147483647;
			files = (
				CEBECEE21DA4A0710037BE92 /* Calculatio_ioUITests.swift in Sources */,
			);
			runOnlyForDeploymentPostprocessing = 0;
		};
/* End PBXSourcesBuildPhase section */

/* Begin PBXTargetDependency section */
		CEBECED41DA4A0710037BE92 /* PBXTargetDependency */ = {
			isa = PBXTargetDependency;
			target = CEBECEBA1DA4A0710037BE92 /* Calculatio-io */;
			targetProxy = CEBECED31DA4A0710037BE92 /* PBXContainerItemProxy */;
		};
		CEBECEDF1DA4A0710037BE92 /* PBXTargetDependency */ = {
			isa = PBXTargetDependency;
			target = CEBECEBA1DA4A0710037BE92 /* Calculatio-io */;
			targetProxy = CEBECEDE1DA4A0710037BE92 /* PBXContainerItemProxy */;
		};
/* End PBXTargetDependency section */

/* Begin PBXVariantGroup section */
		CEBECEC21DA4A0710037BE92 /* Main.storyboard */ = {
			isa = PBXVariantGroup;
			children = (
				CEBECEC31DA4A0710037BE92 /* Base */,
			);
			name = Main.storyboard;
			sourceTree = "<group>";
		};
		CEBECECA1DA4A0710037BE92 /* LaunchScreen.storyboard */ = {
			isa = PBXVariantGroup;
			children = (
				CEBECECB1DA4A0710037BE92 /* Base */,
			);
			name = LaunchScreen.storyboard;
			sourceTree = "<group>";
		};
/* End PBXVariantGroup section */

/* Begin XCBuildConfiguration section */
		CEBECEE41DA4A0710037BE92 /* Debug */ = {
			isa = XCBuildConfiguration;
			buildSettings = {
				ALWAYS_SEARCH_USER_PATHS = NO;
				CLANG_ANALYZER_NONNULL = YES;
				CLANG_CXX_LANGUAGE_STANDARD = "gnu++0x";
				CLANG_CXX_LIBRARY = "libc++";
				CLANG_ENABLE_MODULES = YES;
				CLANG_ENABLE_OBJC_ARC = YES;
				CLANG_WARN_BOOL_CONVERSION = YES;
				CLANG_WARN_CONSTANT_CONVERSION = YES;
				CLANG_WARN_DIRECT_OBJC_ISA_USAGE = YES_ERROR;
				CLANG_WARN_DOCUMENTATION_COMMENTS = YES;
				CLANG_WARN_EMPTY_BODY = YES;
				CLANG_WARN_ENUM_CONVERSION = YES;
				CLANG_WARN_INFINITE_RECURSION = YES;
				CLANG_WARN_INT_CONVERSION = YES;
				CLANG_WARN_OBJC_ROOT_CLASS = YES_ERROR;
				CLANG_WARN_SUSPICIOUS_MOVES = YES;
				CLANG_WARN_UNREACHABLE_CODE = YES;
				CLANG_WARN__DUPLICATE_METHOD_MATCH = YES;
				"CODE_SIGN_IDENTITY[sdk=iphoneos*]" = "iPhone Developer";
				COPY_PHASE_STRIP = NO;
				DEBUG_INFORMATION_FORMAT = dwarf;
				ENABLE_STRICT_OBJC_MSGSEND = YES;
				ENABLE_TESTABILITY = YES;
				GCC_C_LANGUAGE_STANDARD = gnu99;
				GCC_DYNAMIC_NO_PIC = NO;
				GCC_NO_COMMON_BLOCKS = YES;
				GCC_OPTIMIZATION_LEVEL = 0;
				GCC_PREPROCESSOR_DEFINITIONS = (
					"DEBUG=1",
					"$(inherited)",
				);
				GCC_WARN_64_TO_32_BIT_CONVERSION = YES;
				GCC_WARN_ABOUT_RETURN_TYPE = YES_ERROR;
				GCC_WARN_UNDECLARED_SELECTOR = YES;
				GCC_WARN_UNINITIALIZED_AUTOS = YES_AGGRESSIVE;
				GCC_WARN_UNUSED_FUNCTION = YES;
				GCC_WARN_UNUSED_VARIABLE = YES;
				IPHONEOS_DEPLOYMENT_TARGET = 10.0;
				MTL_ENABLE_DEBUG_INFO = YES;
				ONLY_ACTIVE_ARCH = YES;
				SDKROOT = iphoneos;
				SWIFT_ACTIVE_COMPILATION_CONDITIONS = DEBUG;
				SWIFT_OPTIMIZATION_LEVEL = "-Onone";
			};
			name = Debug;
		};
		CEBECEE51DA4A0710037BE92 /* Release */ = {
			isa = XCBuildConfiguration;
			buildSettings = {
				ALWAYS_SEARCH_USER_PATHS = NO;
				CLANG_ANALYZER_NONNULL = YES;
				CLANG_CXX_LANGUAGE_STANDARD = "gnu++0x";
				CLANG_CXX_LIBRARY = "libc++";
				CLANG_ENABLE_MODULES = YES;
				CLANG_ENABLE_OBJC_ARC = YES;
				CLANG_WARN_BOOL_CONVERSION = YES;
				CLANG_WARN_CONSTANT_CONVERSION = YES;
				CLANG_WARN_DIRECT_OBJC_ISA_USAGE = YES_ERROR;
				CLANG_WARN_DOCUMENTATION_COMMENTS = YES;
				CLANG_WARN_EMPTY_BODY = YES;
				CLANG_WARN_ENUM_CONVERSION = YES;
				CLANG_WARN_INFINITE_RECURSION = YES;
				CLANG_WARN_INT_CONVERSION = YES;
				CLANG_WARN_OBJC_ROOT_CLASS = YES_ERROR;
				CLANG_WARN_SUSPICIOUS_MOVES = YES;
				CLANG_WARN_UNREACHABLE_CODE = YES;
				CLANG_WARN__DUPLICATE_METHOD_MATCH = YES;
				"CODE_SIGN_IDENTITY[sdk=iphoneos*]" = "iPhone Developer";
				COPY_PHASE_STRIP = NO;
				DEBUG_INFORMATION_FORMAT = "dwarf-with-dsym";
				ENABLE_NS_ASSERTIONS = NO;
				ENABLE_STRICT_OBJC_MSGSEND = YES;
				GCC_C_LANGUAGE_STANDARD = gnu99;
				GCC_NO_COMMON_BLOCKS = YES;
				GCC_WARN_64_TO_32_BIT_CONVERSION = YES;
				GCC_WARN_ABOUT_RETURN_TYPE = YES_ERROR;
				GCC_WARN_UNDECLARED_SELECTOR = YES;
				GCC_WARN_UNINITIALIZED_AUTOS = YES_AGGRESSIVE;
				GCC_WARN_UNUSED_FUNCTION = YES;
				GCC_WARN_UNUSED_VARIABLE = YES;
				IPHONEOS_DEPLOYMENT_TARGET = 10.0;
				MTL_ENABLE_DEBUG_INFO = NO;
				SDKROOT = iphoneos;
				SWIFT_OPTIMIZATION_LEVEL = "-Owholemodule";
				VALIDATE_PRODUCT = YES;
			};
			name = Release;
		};
		CEBECEE71DA4A0710037BE92 /* Debug */ = {
			isa = XCBuildConfiguration;
			buildSettings = {
				ASSETCATALOG_COMPILER_APPICON_NAME = AppIcon;
				INFOPLIST_FILE = "Calculatio-io/Info.plist";
				LD_RUNPATH_SEARCH_PATHS = "$(inherited) @executable_path/Frameworks";
				PRODUCT_BUNDLE_IDENTIFIER = "jacksonNG.Calculatio-io";
				PRODUCT_NAME = "$(TARGET_NAME)";
				SWIFT_VERSION = 3.0;
			};
			name = Debug;
		};
		CEBECEE81DA4A0710037BE92 /* Release */ = {
			isa = XCBuildConfiguration;
			buildSettings = {
				ASSETCATALOG_COMPILER_APPICON_NAME = AppIcon;
				INFOPLIST_FILE = "Calculatio-io/Info.plist";
				LD_RUNPATH_SEARCH_PATHS = "$(inherited) @executable_path/Frameworks";
				PRODUCT_BUNDLE_IDENTIFIER = "jacksonNG.Calculatio-io";
				PRODUCT_NAME = "$(TARGET_NAME)";
				SWIFT_VERSION = 3.0;
			};
			name = Release;
		};
		CEBECEEA1DA4A0710037BE92 /* Debug */ = {
			isa = XCBuildConfiguration;
			buildSettings = {
				ALWAYS_EMBED_SWIFT_STANDARD_LIBRARIES = YES;
				BUNDLE_LOADER = "$(TEST_HOST)";
				INFOPLIST_FILE = "Calculatio-ioTests/Info.plist";
				LD_RUNPATH_SEARCH_PATHS = "$(inherited) @executable_path/Frameworks @loader_path/Frameworks";
				PRODUCT_BUNDLE_IDENTIFIER = "jacksonNG.Calculatio-ioTests";
				PRODUCT_NAME = "$(TARGET_NAME)";
				SWIFT_VERSION = 3.0;
				TEST_HOST = "$(BUILT_PRODUCTS_DIR)/Calculatio-io.app/Calculatio-io";
			};
			name = Debug;
		};
		CEBECEEB1DA4A0710037BE92 /* Release */ = {
			isa = XCBuildConfiguration;
			buildSettings = {
				ALWAYS_EMBED_SWIFT_STANDARD_LIBRARIES = YES;
				BUNDLE_LOADER = "$(TEST_HOST)";
				INFOPLIST_FILE = "Calculatio-ioTests/Info.plist";
				LD_RUNPATH_SEARCH_PATHS = "$(inherited) @executable_path/Frameworks @loader_path/Frameworks";
				PRODUCT_BUNDLE_IDENTIFIER = "jacksonNG.Calculatio-ioTests";
				PRODUCT_NAME = "$(TARGET_NAME)";
				SWIFT_VERSION = 3.0;
				TEST_HOST = "$(BUILT_PRODUCTS_DIR)/Calculatio-io.app/Calculatio-io";
			};
			name = Release;
		};
		CEBECEED1DA4A0710037BE92 /* Debug */ = {
			isa = XCBuildConfiguration;
			buildSettings = {
				ALWAYS_EMBED_SWIFT_STANDARD_LIBRARIES = YES;
				INFOPLIST_FILE = "Calculatio-ioUITests/Info.plist";
				LD_RUNPATH_SEARCH_PATHS = "$(inherited) @executable_path/Frameworks @loader_path/Frameworks";
				PRODUCT_BUNDLE_IDENTIFIER = "jacksonNG.Calculatio-ioUITests";
				PRODUCT_NAME = "$(TARGET_NAME)";
				SWIFT_VERSION = 3.0;
				TEST_TARGET_NAME = "Calculatio-io";
			};
			name = Debug;
		};
		CEBECEEE1DA4A0710037BE92 /* Release */ = {
			isa = XCBuildConfiguration;
			buildSettings = {
				ALWAYS_EMBED_SWIFT_STANDARD_LIBRARIES = YES;
				INFOPLIST_FILE = "Calculatio-ioUITests/Info.plist";
				LD_RUNPATH_SEARCH_PATHS = "$(inherited) @executable_path/Frameworks @loader_path/Frameworks";
				PRODUCT_BUNDLE_IDENTIFIER = "jacksonNG.Calculatio-ioUITests";
				PRODUCT_NAME = "$(TARGET_NAME)";
				SWIFT_VERSION = 3.0;
				TEST_TARGET_NAME = "Calculatio-io";
			};
			name = Release;
		};
/* End XCBuildConfiguration section */

/* Begin XCConfigurationList section */
		CEBECEB61DA4A0710037BE92 /* Build configuration list for PBXProject "Calculatio-io" */ = {
			isa = XCConfigurationList;
			buildConfigurations = (
				CEBECEE41DA4A0710037BE92 /* Debug */,
				CEBECEE51DA4A0710037BE92 /* Release */,
			);
			defaultConfigurationIsVisible = 0;
			defaultConfigurationName = Release;
		};
		CEBECEE61DA4A0710037BE92 /* Build configuration list for PBXNativeTarget "Calculatio-io" */ = {
			isa = XCConfigurationList;
			buildConfigurations = (
				CEBECEE71DA4A0710037BE92 /* Debug */,
				CEBECEE81DA4A0710037BE92 /* Release */,
			);
			defaultConfigurationIsVisible = 0;
		};
		CEBECEE91DA4A0710037BE92 /* Build configuration list for PBXNativeTarget "Calculatio-ioTests" */ = {
			isa = XCConfigurationList;
			buildConfigurations = (
				CEBECEEA1DA4A0710037BE92 /* Debug */,
				CEBECEEB1DA4A0710037BE92 /* Release */,
			);
			defaultConfigurationIsVisible = 0;
		};
		CEBECEEC1DA4A0710037BE92 /* Build configuration list for PBXNativeTarget "Calculatio-ioUITests" */ = {
			isa = XCConfigurationList;
			buildConfigurations = (
				CEBECEED1DA4A0710037BE92 /* Debug */,
				CEBECEEE1DA4A0710037BE92 /* Release */,
			);
			defaultConfigurationIsVisible = 0;
		};
/* End XCConfigurationList section */

/* Begin XCVersionGroup section */
		CEBECEC51DA4A0710037BE92 /* Calculatio_io.xcdatamodeld */ = {
			isa = XCVersionGroup;
			children = (
				CEBECEC61DA4A0710037BE92 /* Calculatio_io.xcdatamodel */,
			);
			currentVersion = CEBECEC61DA4A0710037BE92 /* Calculatio_io.xcdatamodel */;
			path = Calculatio_io.xcdatamodeld;
			sourceTree = "<group>";
			versionGroupType = wrapper.xcdatamodel;
		};
/* End XCVersionGroup section */
	};
	rootObject = CEBECEB31DA4A0710037BE92 /* Project object */;
}
